
Microsoft Visual Studio Solution File, Format Version 12.00
# Visual Studio Version 17
VisualStudioVersion = 17.0.32126.317
MinimumVisualStudioVersion = 10.0.40219.1
Project("{FAE04EC0-301F-11D3-BF4B-00C04F79EFBC}") = "TddAddressBook", "TddAddressBook.csproj", "{ECA4E276-AA05-4D34-B443-FDCD952D6AA5}"
EndProject
Global
	GlobalSection(SolutionConfigurationPlatforms) = preSolution
		Debug|Any CPU = Debug|Any CPU
		Release|Any CPU = Release|Any CPU
	EndGlobalSection
	GlobalSection(ProjectConfigurationPlatforms) = postSolution
		{ECA4E276-AA05-4D34-B443-FDCD952D6AA5}.Debug|Any CPU.ActiveCfg = Debug|Any CPU
		{ECA4E276-AA05-4D34-B443-FDCD952D6AA5}.Debug|Any CPU.Build.0 = Debug|Any CPU
		{ECA4E276-AA05-4D34-B443-FDCD952D6AA5}.Release|Any CPU.ActiveCfg = Release|Any CPU
		{ECA4E276-AA05-4D34-B443-FDCD952D6AA5}.Release|Any CPU.Build.0 = Release|Any CPU
	EndGlobalSection
	GlobalSection(SolutionProperties) = preSolution
		HideSolutionNode = FALSE
	EndGlobalSection
	GlobalSection(ExtensibilityGlobals) = postSolution
		SolutionGuid = {9A07774F-9C3A-47F4-B7A8-367606C52E7B}
	EndGlobalSection
EndGlobal
